<?xml version="1.0" encoding="UTF-8" standalone="yes" ?>
<CodeBlocks_project_file>
	<FileVersion major="1" minor="6" />
	<Project>
		<Option title="Simple-OpenGL-Game" />
		<Option pch_mode="2" />
		<Option compiler="gcc" />
		<Build>
			<Target title="Debug">
				<Option output="bin/Debug/Simple-OpenGL-Game" prefix_auto="1" extension_auto="1" />
				<Option object_output="obj/Debug/" />
				<Option type="1" />
				<Option compiler="gcc" />
				<Compiler>
					<Add option="-g" />
				</Compiler>
				<Linker>
					<Add library="sfml-graphics-d" />
					<Add library="sfml-window-d" />
					<Add library="sfml-system-d" />
				</Linker>
			</Target>
			<Target title="Release">
				<Option output="bin/Release/Simple-OpenGL-Game" prefix_auto="1" extension_auto="1" />
				<Option object_output="obj/Release/" />
				<Option type="0" />
				<Option compiler="gcc" />
				<Compiler>
					<Add option="-O2" />
				</Compiler>
				<Linker>
					<Add option="-s" />
				</Linker>
			</Target>
		</Build>
		<Compiler>
			<Add option="-std=c++11" />
			<Add option="-Wall" />
			<Add directory="/home/rts/Libraries/SFML-2.2/include" />
			<Add directory="/home/rts/Libraries/glew-1.10.0/include" />
			<Add directory="/home/rts/Libraries/glm-dev_0.9.5.1-1_all/usr/include" />
		</Compiler>
		<Linker>
			<Add library="GLEW" />
			<Add library="GL" />
			<Add directory="/home/rts/Libraries/SFML-2.2/lib" />
			<Add directory="/home/rts/Libraries/glew-1.11.0/lib" />
		</Linker>
		<Unit filename="shaders/DepthRTT.frag" />
		<Unit filename="shaders/DepthRTT.vert" />
		<Unit filename="shaders/DirLighting.frag" />
		<Unit filename="shaders/DirLighting.vert" />
		<Unit filename="shaders/Texturing2D.frag" />
		<Unit filename="shaders/Texturing2D.vert" />
		<Unit filename="src/ComputeMatricesFromInput.hpp" />
		<Unit filename="src/Controller.hpp" />
		<Unit filename="src/LightSource.hpp" />
		<Unit filename="src/LightingShader.hpp" />
		<Unit filename="src/LoadShaders.h" />
		<Unit filename="src/Mesh.hpp" />
		<Unit filename="src/Node.hpp" />
		<Unit filename="src/OBJMesh.hpp" />
		<Unit filename="src/OGLRenderer.hpp" />
		<Unit filename="src/OctTree.hpp" />
		<Unit filename="src/OctTreePartition.hpp" />
		<Unit filename="src/PlayerInput.cpp" />
		<Unit filename="src/PlayerInput.hpp" />
		<Unit filename="src/PlayerNode.cpp" />
		<Unit filename="src/PlayerNode.hpp" />
		<Unit filename="src/PointSource.hpp" />
		<Unit filename="src/SceneNode.hpp" />
		<Unit filename="src/Shader.hpp" />
		<Unit filename="src/ShaderNode.hpp" />
		<Unit filename="src/ShadowShader.hpp" />
		<Unit filename="src/SimpleShader.hpp" />
		<Unit filename="src/Texture2DShader.hpp" />
		<Unit filename="src/World.hpp" />
		<Unit filename="src/computeMatricesFromInput.cpp" />
		<Unit filename="src/controller.cpp" />
		<Unit filename="src/loadShaders.cpp" />
		<Unit filename="src/main.cpp" />
		<Unit filename="src/mesh.cpp" />
		<Unit filename="src/node.cpp" />
		<Unit filename="src/objMesh.cpp" />
		<Unit filename="src/octTree.cpp" />
		<Unit filename="src/octTreePartition.cpp" />
		<Unit filename="src/oglRenderer.cpp" />
		<Unit filename="src/sceneNode.cpp" />
		<Unit filename="src/shaderNode.cpp" />
		<Unit filename="src/world.cpp" />
		<Extensions>
			<code_completion />
			<envvars />
			<debugger />
			<lib_finder disable_auto="1" />
		</Extensions>
	</Project>
</CodeBlocks_project_file>
